
Microsoft Visual Studio Solution File, Format Version 12.00
# Visual Studio Version 17
VisualStudioVersion = 17.11.35327.3
MinimumVisualStudioVersion = 10.0.40219.1
Project("{FAE04EC0-301F-11D3-BF4B-00C04F79EFBC}") = "ListaTarefas", "ListaTarefas\ListaTarefas.csproj", "{75408747-64D7-4528-B5BA-0CAB2FAF1F44}"
EndProject
Global
	GlobalSection(SolutionConfigurationPlatforms) = preSolution
		Debug|Any CPU = Debug|Any CPU
		Release|Any CPU = Release|Any CPU
	EndGlobalSection
	GlobalSection(ProjectConfigurationPlatforms) = postSolution
		{75408747-64D7-4528-B5BA-0CAB2FAF1F44}.Debug|Any CPU.ActiveCfg = Debug|Any CPU
		{75408747-64D7-4528-B5BA-0CAB2FAF1F44}.Debug|Any CPU.Build.0 = Debug|Any CPU
		{75408747-64D7-4528-B5BA-0CAB2FAF1F44}.Release|Any CPU.ActiveCfg = Release|Any CPU
		{75408747-64D7-4528-B5BA-0CAB2FAF1F44}.Release|Any CPU.Build.0 = Release|Any CPU
	EndGlobalSection
	GlobalSection(SolutionProperties) = preSolution
		HideSolutionNode = FALSE
	EndGlobalSection
	GlobalSection(ExtensibilityGlobals) = postSolution
		SolutionGuid = {6A7C721A-BC1D-41B4-88AF-55E82874250A}
	EndGlobalSection
EndGlobal
